
Microsoft Visual Studio Solution File, Format Version 12.00
# Visual Studio Version 17
VisualStudioVersion = 17.8.34511.84
MinimumVisualStudioVersion = 10.0.40219.1
Project("{FAE04EC0-301F-11D3-BF4B-00C04F79EFBC}") = "WindowsFormsApp1", "WindowsFormsApp1\WindowsFormsApp1.csproj", "{CB0DB4AA-35A8-46AC-A2BB-0FA2FC44B6FA}"
EndProject
Global
	GlobalSection(SolutionConfigurationPlatforms) = preSolution
		Debug|Any CPU = Debug|Any CPU
		Release|Any CPU = Release|Any CPU
	EndGlobalSection
	GlobalSection(ProjectConfigurationPlatforms) = postSolution
		{CB0DB4AA-35A8-46AC-A2BB-0FA2FC44B6FA}.Debug|Any CPU.ActiveCfg = Debug|Any CPU
		{CB0DB4AA-35A8-46AC-A2BB-0FA2FC44B6FA}.Debug|Any CPU.Build.0 = Debug|Any CPU
		{CB0DB4AA-35A8-46AC-A2BB-0FA2FC44B6FA}.Release|Any CPU.ActiveCfg = Release|Any CPU
		{CB0DB4AA-35A8-46AC-A2BB-0FA2FC44B6FA}.Release|Any CPU.Build.0 = Release|Any CPU
	EndGlobalSection
	GlobalSection(SolutionProperties) = preSolution
		HideSolutionNode = FALSE
	EndGlobalSection
	GlobalSection(ExtensibilityGlobals) = postSolution
		SolutionGuid = {1A104E22-5416-468B-8D7E-6EAA33024C18}
	EndGlobalSection
EndGlobal
