
Microsoft Visual Studio Solution File, Format Version 12.00
# Visual Studio Version 17
VisualStudioVersion = 17.8.34511.84
MinimumVisualStudioVersion = 10.0.40219.1
Project("{FAE04EC0-301F-11D3-BF4B-00C04F79EFBC}") = "MENU", "MENU\MENU.csproj", "{B6D2E6D4-7FA7-419B-9878-F70F42C2B892}"
EndProject
Global
	GlobalSection(SolutionConfigurationPlatforms) = preSolution
		Debug|Any CPU = Debug|Any CPU
		Release|Any CPU = Release|Any CPU
	EndGlobalSection
	GlobalSection(ProjectConfigurationPlatforms) = postSolution
		{B6D2E6D4-7FA7-419B-9878-F70F42C2B892}.Debug|Any CPU.ActiveCfg = Debug|Any CPU
		{B6D2E6D4-7FA7-419B-9878-F70F42C2B892}.Debug|Any CPU.Build.0 = Debug|Any CPU
		{B6D2E6D4-7FA7-419B-9878-F70F42C2B892}.Release|Any CPU.ActiveCfg = Release|Any CPU
		{B6D2E6D4-7FA7-419B-9878-F70F42C2B892}.Release|Any CPU.Build.0 = Release|Any CPU
	EndGlobalSection
	GlobalSection(SolutionProperties) = preSolution
		HideSolutionNode = FALSE
	EndGlobalSection
	GlobalSection(ExtensibilityGlobals) = postSolution
		SolutionGuid = {4D4EFFA5-592E-4F0C-84FA-03044BF72850}
	EndGlobalSection
EndGlobal
